
Microsoft Visual Studio Solution File, Format Version 12.00
# Visual Studio Version 17
VisualStudioVersion = 17.11.35327.3
MinimumVisualStudioVersion = 10.0.40219.1
Project("{FAE04EC0-301F-11D3-BF4B-00C04F79EFBC}") = "stackgeneric", "stackgeneric\stackgeneric.csproj", "{0029755C-6BDC-4157-BF0A-185C6E7D85AF}"
EndProject
Global
	GlobalSection(SolutionConfigurationPlatforms) = preSolution
		Debug|Any CPU = Debug|Any CPU
		Release|Any CPU = Release|Any CPU
	EndGlobalSection
	GlobalSection(ProjectConfigurationPlatforms) = postSolution
		{0029755C-6BDC-4157-BF0A-185C6E7D85AF}.Debug|Any CPU.ActiveCfg = Debug|Any CPU
		{0029755C-6BDC-4157-BF0A-185C6E7D85AF}.Debug|Any CPU.Build.0 = Debug|Any CPU
		{0029755C-6BDC-4157-BF0A-185C6E7D85AF}.Release|Any CPU.ActiveCfg = Release|Any CPU
		{0029755C-6BDC-4157-BF0A-185C6E7D85AF}.Release|Any CPU.Build.0 = Release|Any CPU
	EndGlobalSection
	GlobalSection(SolutionProperties) = preSolution
		HideSolutionNode = FALSE
	EndGlobalSection
	GlobalSection(ExtensibilityGlobals) = postSolution
		SolutionGuid = {9E3BF05D-3A6C-4B5E-A81B-08DDA81AC537}
	EndGlobalSection
EndGlobal
