
Microsoft Visual Studio Solution File, Format Version 12.00
# Visual Studio Version 17
VisualStudioVersion = 17.11.35327.3
MinimumVisualStudioVersion = 10.0.40219.1
Project("{FAE04EC0-301F-11D3-BF4B-00C04F79EFBC}") = "queuegeneric", "queuegeneric\queuegeneric.csproj", "{50C40063-9381-4B1B-8EC3-52787E8A36FC}"
EndProject
Global
	GlobalSection(SolutionConfigurationPlatforms) = preSolution
		Debug|Any CPU = Debug|Any CPU
		Release|Any CPU = Release|Any CPU
	EndGlobalSection
	GlobalSection(ProjectConfigurationPlatforms) = postSolution
		{50C40063-9381-4B1B-8EC3-52787E8A36FC}.Debug|Any CPU.ActiveCfg = Debug|Any CPU
		{50C40063-9381-4B1B-8EC3-52787E8A36FC}.Debug|Any CPU.Build.0 = Debug|Any CPU
		{50C40063-9381-4B1B-8EC3-52787E8A36FC}.Release|Any CPU.ActiveCfg = Release|Any CPU
		{50C40063-9381-4B1B-8EC3-52787E8A36FC}.Release|Any CPU.Build.0 = Release|Any CPU
	EndGlobalSection
	GlobalSection(SolutionProperties) = preSolution
		HideSolutionNode = FALSE
	EndGlobalSection
	GlobalSection(ExtensibilityGlobals) = postSolution
		SolutionGuid = {7C0ACE66-8988-406F-872C-A97FB423F23E}
	EndGlobalSection
EndGlobal
