
Microsoft Visual Studio Solution File, Format Version 12.00
# Visual Studio Version 17
VisualStudioVersion = 17.11.35327.3
MinimumVisualStudioVersion = 10.0.40219.1
Project("{FAE04EC0-301F-11D3-BF4B-00C04F79EFBC}") = "single", "single\single.csproj", "{63EE552E-45F7-4201-8F98-66E07FEEE32A}"
EndProject
Global
	GlobalSection(SolutionConfigurationPlatforms) = preSolution
		Debug|Any CPU = Debug|Any CPU
		Release|Any CPU = Release|Any CPU
	EndGlobalSection
	GlobalSection(ProjectConfigurationPlatforms) = postSolution
		{63EE552E-45F7-4201-8F98-66E07FEEE32A}.Debug|Any CPU.ActiveCfg = Debug|Any CPU
		{63EE552E-45F7-4201-8F98-66E07FEEE32A}.Debug|Any CPU.Build.0 = Debug|Any CPU
		{63EE552E-45F7-4201-8F98-66E07FEEE32A}.Release|Any CPU.ActiveCfg = Release|Any CPU
		{63EE552E-45F7-4201-8F98-66E07FEEE32A}.Release|Any CPU.Build.0 = Release|Any CPU
	EndGlobalSection
	GlobalSection(SolutionProperties) = preSolution
		HideSolutionNode = FALSE
	EndGlobalSection
	GlobalSection(ExtensibilityGlobals) = postSolution
		SolutionGuid = {ACA882B7-4966-40B2-8B05-6B035510B41C}
	EndGlobalSection
EndGlobal
